
Microsoft Visual Studio Solution File, Format Version 12.00
# Visual Studio Version 17
VisualStudioVersion = 17.12.35707.178
MinimumVisualStudioVersion = 10.0.40219.1
Project("{FAE04EC0-301F-11D3-BF4B-00C04F79EFBC}") = "InMemoryApp.Web", "InMemoryApp.Web\InMemoryApp.Web.csproj", "{0A0E2C42-0C15-40F0-909E-776AE9946BB3}"
EndProject
Project("{FAE04EC0-301F-11D3-BF4B-00C04F79EFBC}") = "IDistributedCacheRedisApp.Web", "IDistributedCacheRedisApp.Web\IDistributedCacheRedisApp.Web.csproj", "{63C237DB-E70D-4D4B-AF67-01F5016092AE}"
EndProject
Project("{FAE04EC0-301F-11D3-BF4B-00C04F79EFBC}") = "RedisExchangeAPI.Web", "RedisExchangeAPI.Web\RedisExchangeAPI.Web.csproj", "{9402A143-FB5F-4A76-A5FD-E81D9D76CCA2}"
EndProject
Project("{FAE04EC0-301F-11D3-BF4B-00C04F79EFBC}") = "RedisExampleApp.API", "RedisExampleApp.API\RedisExampleApp.API.csproj", "{7C758FDC-08B6-45C7-A857-E844DA3F688B}"
EndProject
Project("{FAE04EC0-301F-11D3-BF4B-00C04F79EFBC}") = "RedisExampleApp.Cache", "RedisExampleApp.Cache\RedisExampleApp.Cache.csproj", "{C33CB5E7-EED1-4268-90BD-473A01B219C5}"
EndProject
Global
	GlobalSection(SolutionConfigurationPlatforms) = preSolution
		Debug|Any CPU = Debug|Any CPU
		Release|Any CPU = Release|Any CPU
	EndGlobalSection
	GlobalSection(ProjectConfigurationPlatforms) = postSolution
		{0A0E2C42-0C15-40F0-909E-776AE9946BB3}.Debug|Any CPU.ActiveCfg = Debug|Any CPU
		{0A0E2C42-0C15-40F0-909E-776AE9946BB3}.Debug|Any CPU.Build.0 = Debug|Any CPU
		{0A0E2C42-0C15-40F0-909E-776AE9946BB3}.Release|Any CPU.ActiveCfg = Release|Any CPU
		{0A0E2C42-0C15-40F0-909E-776AE9946BB3}.Release|Any CPU.Build.0 = Release|Any CPU
		{63C237DB-E70D-4D4B-AF67-01F5016092AE}.Debug|Any CPU.ActiveCfg = Debug|Any CPU
		{63C237DB-E70D-4D4B-AF67-01F5016092AE}.Debug|Any CPU.Build.0 = Debug|Any CPU
		{63C237DB-E70D-4D4B-AF67-01F5016092AE}.Release|Any CPU.ActiveCfg = Release|Any CPU
		{63C237DB-E70D-4D4B-AF67-01F5016092AE}.Release|Any CPU.Build.0 = Release|Any CPU
		{9402A143-FB5F-4A76-A5FD-E81D9D76CCA2}.Debug|Any CPU.ActiveCfg = Debug|Any CPU
		{9402A143-FB5F-4A76-A5FD-E81D9D76CCA2}.Debug|Any CPU.Build.0 = Debug|Any CPU
		{9402A143-FB5F-4A76-A5FD-E81D9D76CCA2}.Release|Any CPU.ActiveCfg = Release|Any CPU
		{9402A143-FB5F-4A76-A5FD-E81D9D76CCA2}.Release|Any CPU.Build.0 = Release|Any CPU
		{7C758FDC-08B6-45C7-A857-E844DA3F688B}.Debug|Any CPU.ActiveCfg = Debug|Any CPU
		{7C758FDC-08B6-45C7-A857-E844DA3F688B}.Debug|Any CPU.Build.0 = Debug|Any CPU
		{7C758FDC-08B6-45C7-A857-E844DA3F688B}.Release|Any CPU.ActiveCfg = Release|Any CPU
		{7C758FDC-08B6-45C7-A857-E844DA3F688B}.Release|Any CPU.Build.0 = Release|Any CPU
		{C33CB5E7-EED1-4268-90BD-473A01B219C5}.Debug|Any CPU.ActiveCfg = Debug|Any CPU
		{C33CB5E7-EED1-4268-90BD-473A01B219C5}.Debug|Any CPU.Build.0 = Debug|Any CPU
		{C33CB5E7-EED1-4268-90BD-473A01B219C5}.Release|Any CPU.ActiveCfg = Release|Any CPU
		{C33CB5E7-EED1-4268-90BD-473A01B219C5}.Release|Any CPU.Build.0 = Release|Any CPU
	EndGlobalSection
	GlobalSection(SolutionProperties) = preSolution
		HideSolutionNode = FALSE
	EndGlobalSection
EndGlobal
